
Microsoft Visual Studio Solution File, Format Version 12.00
# Visual Studio 2012
VisualStudioVersion = 12.0.31101.0
MinimumVisualStudioVersion = 10.0.40219.1
Project("{FAE04EC0-301F-11D3-BF4B-00C04F79EFBC}") = "XmlUnit", "csharp\XmlUnit.csproj", "{6BAD7598-3EEA-4929-8316-F3DDE05534A5}"
EndProject
Project("{FAE04EC0-301F-11D3-BF4B-00C04F79EFBC}") = "Tests", "..\tests\csharp\Tests.csproj", "{68DAF1CE-0E51-4E62-9163-04AE822843A1}"
EndProject
Project("{2150E333-8FDC-42A3-9474-1A3956D46DE8}") = ".nuget", ".nuget", "{B95C2F3B-6042-4748-B497-D1ABF48DC90F}"
	ProjectSection(SolutionItems) = preProject
		.nuget\NuGet.Config = .nuget\NuGet.Config
		.nuget\NuGet.exe = .nuget\NuGet.exe
	EndProjectSection
EndProject
Global
	GlobalSection(SolutionConfigurationPlatforms) = preSolution
		Debug|Any CPU = Debug|Any CPU
		Release|Any CPU = Release|Any CPU
	EndGlobalSection
	GlobalSection(ProjectConfigurationPlatforms) = postSolution
		{68DAF1CE-0E51-4E62-9163-04AE822843A1}.Debug|Any CPU.ActiveCfg = Debug|Any CPU
		{68DAF1CE-0E51-4E62-9163-04AE822843A1}.Debug|Any CPU.Build.0 = Debug|Any CPU
		{68DAF1CE-0E51-4E62-9163-04AE822843A1}.Release|Any CPU.ActiveCfg = Release|Any CPU
		{68DAF1CE-0E51-4E62-9163-04AE822843A1}.Release|Any CPU.Build.0 = Release|Any CPU
		{6BAD7598-3EEA-4929-8316-F3DDE05534A5}.Debug|Any CPU.ActiveCfg = Debug|Any CPU
		{6BAD7598-3EEA-4929-8316-F3DDE05534A5}.Debug|Any CPU.Build.0 = Debug|Any CPU
		{6BAD7598-3EEA-4929-8316-F3DDE05534A5}.Release|Any CPU.ActiveCfg = Release|Any CPU
		{6BAD7598-3EEA-4929-8316-F3DDE05534A5}.Release|Any CPU.Build.0 = Release|Any CPU
	EndGlobalSection
	GlobalSection(NestedProjects) = preSolution
	EndGlobalSection
	GlobalSection(SolutionProperties) = preSolution
		HideSolutionNode = FALSE
	EndGlobalSection
EndGlobal
